
Microsoft Visual Studio Solution File, Format Version 12.00
# Visual Studio 15
VisualStudioVersion = 15.0.26730.15
MinimumVisualStudioVersion = 10.0.40219.1
Project("{FAE04EC0-301F-11D3-BF4B-00C04F79EFBC}") = "Lab05-Cameron", "Lab05-Cameron\Lab05-Cameron.csproj", "{BD4999AD-5D1A-4CE2-B648-C98F632AE908}"
EndProject
Global
	GlobalSection(SolutionConfigurationPlatforms) = preSolution
		Debug|Any CPU = Debug|Any CPU
		Release|Any CPU = Release|Any CPU
	EndGlobalSection
	GlobalSection(ProjectConfigurationPlatforms) = postSolution
		{BD4999AD-5D1A-4CE2-B648-C98F632AE908}.Debug|Any CPU.ActiveCfg = Debug|Any CPU
		{BD4999AD-5D1A-4CE2-B648-C98F632AE908}.Debug|Any CPU.Build.0 = Debug|Any CPU
		{BD4999AD-5D1A-4CE2-B648-C98F632AE908}.Release|Any CPU.ActiveCfg = Release|Any CPU
		{BD4999AD-5D1A-4CE2-B648-C98F632AE908}.Release|Any CPU.Build.0 = Release|Any CPU
	EndGlobalSection
	GlobalSection(SolutionProperties) = preSolution
		HideSolutionNode = FALSE
	EndGlobalSection
	GlobalSection(ExtensibilityGlobals) = postSolution
		SolutionGuid = {F64A09BE-6F70-4578-8910-E5E90898851B}
	EndGlobalSection
EndGlobal
